{
  "name": "smiley-emoji-migration",
  "version": "1.0.0",
  "lockfileVersion": 1,
  "requires": true,
  "dependencies": {
    "emoji-datasource-twitter": {
      "version": "4.1.0",
      "resolved": "https://registry.npmjs.org/emoji-datasource-twitter/-/emoji-datasource-twitter-4.1.0.tgz",
      "integrity": "sha1-43Sm7IfgcVYeR7B92wCzv0Mm0qI=",
      "dev": true
    }
  }
}
